// !$*UTF8*$!
{
	archiveVersion = 1;
	classes = {
	};
	objectVersion = 77;
	objects = {

/* Begin PBXBuildFile section */
		65D0EE8E2E89661D0072DEC2 /* OpenAI in Frameworks */ = {isa = PBXBuildFile; productRef = 65D0EE8D2E89661D0072DEC2 /* OpenAI */; };
/* End PBXBuildFile section */

/* Begin PBXContainerItemProxy section */
		65D0EE662E87FEED0072DEC2 /* PBXContainerItemProxy */ = {
			isa = PBXContainerItemProxy;
			containerPortal = 65D0EE502E87FEEB0072DEC2 /* Project object */;
			proxyType = 1;
			remoteGlobalIDString = 65D0EE572E87FEEB0072DEC2;
			remoteInfo = StackBot;
		};
		65D0EE702E87FEED0072DEC2 /* PBXContainerItemProxy */ = {
			isa = PBXContainerItemProxy;
			containerPortal = 65D0EE502E87FEEB0072DEC2 /* Project object */;
			proxyType = 1;
			remoteGlobalIDString = 65D0EE572E87FEEB0072DEC2;
			remoteInfo = StackBot;
		};
/* End PBXContainerItemProxy section */

/* Begin PBXFileReference section */
		65D0EE582E87FEEB0072DEC2 /* StackBot.app */ = {isa = PBXFileReference; explicitFileType = wrapper.application; includeInIndex = 0; path = StackBot.app; sourceTree = BUILT_PRODUCTS_DIR; };
		65D0EE652E87FEED0072DEC2 /* StackBotTests.xctest */ = {isa = PBXFileReference; explicitFileType = wrapper.cfbundle; includeInIndex = 0; path = StackBotTests.xctest; sourceTree = BUILT_PRODUCTS_DIR; };
		65D0EE6F2E87FEED0072DEC2 /* StackBotUITests.xctest */ = {isa = PBXFileReference; explicitFileType = wrapper.cfbundle; includeInIndex = 0; path = StackBotUITests.xctest; sourceTree = BUILT_PRODUCTS_DIR; };
/* End PBXFileReference section */

/* Begin PBXFileSystemSynchronizedBuildFileExceptionSet section */
		65F2538F2E90FE4100C35DAB /* Exceptions for "StackBot" folder in "StackBot" target */ = {
			isa = PBXFileSystemSynchronizedBuildFileExceptionSet;
			membershipExceptions = (
				Info.plist,
			);
			target = 65D0EE572E87FEEB0072DEC2 /* StackBot */;
		};
/* End PBXFileSystemSynchronizedBuildFileExceptionSet section */

/* Begin PBXFileSystemSynchronizedRootGroup section */
		65D0EE5A2E87FEEB0072DEC2 /* StackBot */ = {
			isa = PBXFileSystemSynchronizedRootGroup;
			exceptions = (
				65F2538F2E90FE4100C35DAB /* Exceptions for "StackBot" folder in "StackBot" target */,
			);
			path = StackBot;
			sourceTree = "<group>";
		};
		65D0EE682E87FEED0072DEC2 /* StackBotTests */ = {
			isa = PBXFileSystemSynchronizedRootGroup;
			path = StackBotTests;
			sourceTree = "<group>";
		};
		65D0EE722E87FEED0072DEC2 /* StackBotUITests */ = {
			isa = PBXFileSystemSynchronizedRootGroup;
			path = StackBotUITests;
			sourceTree = "<group>";
		};
/* End PBXFileSystemSynchronizedRootGroup section */

/* Begin PBXFrameworksBuildPhase section */
		65D0EE552E87FEEB0072DEC2 /* Frameworks */ = {
			isa = PBXFrameworksBuildPhase;
			buildActionMask = 2147483647;
			files = (
				65D0EE8E2E89661D0072DEC2 /* OpenAI in Frameworks */,
			);
			runOnlyForDeploymentPostprocessing = 0;
		};
		65D0EE622E87FEED0072DEC2 /* Frameworks */ = {
			isa = PBXFrameworksBuildPhase;
			buildActionMask = 2147483647;
			files = (
			);
			runOnlyForDeploymentPostprocessing = 0;
		};
		65D0EE6C2E87FEED0072DEC2 /* Frameworks */ = {
			isa = PBXFrameworksBuildPhase;
			buildActionMask = 2147483647;
			files = (
			);
			runOnlyForDeploymentPostprocessing = 0;
		};
/* End PBXFrameworksBuildPhase section */

/* Begin PBXGroup section */
		65D0EE4F2E87FEEB0072DEC2 = {
			isa = PBXGroup;
			children = (
				65D0EE5A2E87FEEB0072DEC2 /* StackBot */,
				65D0EE682E87FEED0072DEC2 /* StackBotTests */,
				65D0EE722E87FEED0072DEC2 /* StackBotUITests */,
				65D0EE592E87FEEB0072DEC2 /* Products */,
			);
			sourceTree = "<group>";
		};
		65D0EE592E87FEEB0072DEC2 /* Products */ = {
			isa = PBXGroup;
			children = (
				65D0EE582E87FEEB0072DEC2 /* StackBot.app */,
				65D0EE652E87FEED0072DEC2 /* StackBotTests.xctest */,
				65D0EE6F2E87FEED0072DEC2 /* StackBotUITests.xctest */,
			);
			name = Products;
			sourceTree = "<group>";
		};
/* End PBXGroup section */

/* Begin PBXNativeTarget section */
		65D0EE572E87FEEB0072DEC2 /* StackBot */ = {
			isa = PBXNativeTarget;
			buildConfigurationList = 65D0EE792E87FEED0072DEC2 /* Build configuration list for PBXNativeTarget "StackBot" */;
			buildPhases = (
				65D0EE542E87FEEB0072DEC2 /* Sources */,
				65D0EE552E87FEEB0072DEC2 /* Frameworks */,
				65D0EE562E87FEEB0072DEC2 /* Resources */,
			);
			buildRules = (
			);
			dependencies = (
			);
			fileSystemSynchronizedGroups = (
				65D0EE5A2E87FEEB0072DEC2 /* StackBot */,
			);
			name = StackBot;
			packageProductDependencies = (
				65D0EE8D2E89661D0072DEC2 /* OpenAI */,
			);
			productName = StackBot;
			productReference = 65D0EE582E87FEEB0072DEC2 /* StackBot.app */;
			productType = "com.apple.product-type.application";
		};
		65D0EE642E87FEED0072DEC2 /* StackBotTests */ = {
			isa = PBXNativeTarget;
			buildConfigurationList = 65D0EE7C2E87FEED0072DEC2 /* Build configuration list for PBXNativeTarget "StackBotTests" */;
			buildPhases = (
				65D0EE612E87FEED0072DEC2 /* Sources */,
				65D0EE622E87FEED0072DEC2 /* Frameworks */,
				65D0EE632E87FEED0072DEC2 /* Resources */,
			);
			buildRules = (
			);
			dependencies = (
				65D0EE672E87FEED0072DEC2 /* PBXTargetDependency */,
			);
			fileSystemSynchronizedGroups = (
				65D0EE682E87FEED0072DEC2 /* StackBotTests */,
			);
			name = StackBotTests;
			packageProductDependencies = (
			);
			productName = StackBotTests;
			productReference = 65D0EE652E87FEED0072DEC2 /* StackBotTests.xctest */;
			productType = "com.apple.product-type.bundle.unit-test";
		};
		65D0EE6E2E87FEED0072DEC2 /* StackBotUITests */ = {
			isa = PBXNativeTarget;
			buildConfigurationList = 65D0EE7F2E87FEED0072DEC2 /* Build configuration list for PBXNativeTarget "StackBotUITests" */;
			buildPhases = (
				65D0EE6B2E87FEED0072DEC2 /* Sources */,
				65D0EE6C2E87FEED0072DEC2 /* Frameworks */,
				65D0EE6D2E87FEED0072DEC2 /* Resources */,
			);
			buildRules = (
			);
			dependencies = (
				65D0EE712E87FEED0072DEC2 /* PBXTargetDependency */,
			);
			fileSystemSynchronizedGroups = (
				65D0EE722E87FEED0072DEC2 /* StackBotUITests */,
			);
			name = StackBotUITests;
			packageProductDependencies = (
			);
			productName = StackBotUITests;
			productReference = 65D0EE6F2E87FEED0072DEC2 /* StackBotUITests.xctest */;
			productType = "com.apple.product-type.bundle.ui-testing";
		};
/* End PBXNativeTarget section */

/* Begin PBXProject section */
		65D0EE502E87FEEB0072DEC2 /* Project object */ = {
			isa = PBXProject;
			attributes = {
				BuildIndependentTargetsInParallel = 1;
				LastSwiftUpdateCheck = 1640;
				LastUpgradeCheck = 1640;
				TargetAttributes = {
					65D0EE572E87FEEB0072DEC2 = {
						CreatedOnToolsVersion = 16.4;
					};
					65D0EE642E87FEED0072DEC2 = {
						CreatedOnToolsVersion = 16.4;
						TestTargetID = 65D0EE572E87FEEB0072DEC2;
					};
					65D0EE6E2E87FEED0072DEC2 = {
						CreatedOnToolsVersion = 16.4;
						TestTargetID = 65D0EE572E87FEEB0072DEC2;
					};
				};
			};
			buildConfigurationList = 65D0EE532E87FEEB0072DEC2 /* Build configuration list for PBXProject "StackBot" */;
			developmentRegion = en;
			hasScannedForEncodings = 0;
			knownRegions = (
				en,
				Base,
			);
			mainGroup = 65D0EE4F2E87FEEB0072DEC2;
			minimizedProjectReferenceProxies = 1;
			packageReferences = (
				65D0EE8C2E89661D0072DEC2 /* XCRemoteSwiftPackageReference "OpenAI" */,
			);
			preferredProjectObjectVersion = 77;
			productRefGroup = 65D0EE592E87FEEB0072DEC2 /* Products */;
			projectDirPath = "";
			projectRoot = "";
			targets = (
				65D0EE572E87FEEB0072DEC2 /* StackBot */,
				65D0EE642E87FEED0072DEC2 /* StackBotTests */,
				65D0EE6E2E87FEED0072DEC2 /* StackBotUITests */,
			);
		};
/* End PBXProject section */

/* Begin PBXResourcesBuildPhase section */
		65D0EE562E87FEEB0072DEC2 /* Resources */ = {
			isa = PBXResourcesBuildPhase;
			buildActionMask = 2147483647;
			files = (
			);
			runOnlyForDeploymentPostprocessing = 0;
		};
		65D0EE632E87FEED0072DEC2 /* Resources */ = {
			isa = PBXResourcesBuildPhase;
			buildActionMask = 2147483647;
			files = (
			);
			runOnlyForDeploymentPostprocessing = 0;
		};
		65D0EE6D2E87FEED0072DEC2 /* Resources */ = {
			isa = PBXResourcesBuildPhase;
			buildActionMask = 2147483647;
			files = (
			);
			runOnlyForDeploymentPostprocessing = 0;
		};
/* End PBXResourcesBuildPhase section */

/* Begin PBXSourcesBuildPhase section */
		65D0EE542E87FEEB0072DEC2 /* Sources */ = {
			isa = PBXSourcesBuildPhase;
			buildActionMask = 2147483647;
			files = (
			);
			runOnlyForDeploymentPostprocessing = 0;
		};
		65D0EE612E87FEED0072DEC2 /* Sources */ = {
			isa = PBXSourcesBuildPhase;
			buildActionMask = 2147483647;
			files = (
			);
			runOnlyForDeploymentPostprocessing = 0;
		};
		65D0EE6B2E87FEED0072DEC2 /* Sources */ = {
			isa = PBXSourcesBuildPhase;
			buildActionMask = 2147483647;
			files = (
			);
			runOnlyForDeploymentPostprocessing = 0;
		};
/* End PBXSourcesBuildPhase section */

/* Begin PBXTargetDependency section */
		65D0EE672E87FEED0072DEC2 /* PBXTargetDependency */ = {
			isa = PBXTargetDependency;
			target = 65D0EE572E87FEEB0072DEC2 /* StackBot */;
			targetProxy = 65D0EE662E87FEED0072DEC2 /* PBXContainerItemProxy */;
		};
		65D0EE712E87FEED0072DEC2 /* PBXTargetDependency */ = {
			isa = PBXTargetDependency;
			target = 65D0EE572E87FEEB0072DEC2 /* StackBot */;
			targetProxy = 65D0EE702E87FEED0072DEC2 /* PBXContainerItemProxy */;
		};
/* End PBXTargetDependency section */

/* Begin XCBuildConfiguration section */
		65D0EE772E87FEED0072DEC2 /* Debug */ = {
			isa = XCBuildConfiguration;
			baseConfigurationReferenceAnchor = 65D0EE5A2E87FEEB0072DEC2 /* StackBot */;
			baseConfigurationReferenceRelativePath = Secrets.xcconfig;
			buildSettings = {
				ALWAYS_SEARCH_USER_PATHS = NO;
				ASSETCATALOG_COMPILER_GENERATE_SWIFT_ASSET_SYMBOL_EXTENSIONS = YES;
				CLANG_ANALYZER_NONNULL = YES;
				CLANG_ANALYZER_NUMBER_OBJECT_CONVERSION = YES_AGGRESSIVE;
				CLANG_CXX_LANGUAGE_STANDARD = "gnu++20";
				CLANG_ENABLE_MODULES = YES;
				CLANG_ENABLE_OBJC_ARC = YES;
				CLANG_ENABLE_OBJC_WEAK = YES;
				CLANG_WARN_BLOCK_CAPTURE_AUTORELEASING = YES;
				CLANG_WARN_BOOL_CONVERSION = YES;
				CLANG_WARN_COMMA = YES;
				CLANG_WARN_CONSTANT_CONVERSION = YES;
				CLANG_WARN_DEPRECATED_OBJC_IMPLEMENTATIONS = YES;
				CLANG_WARN_DIRECT_OBJC_ISA_USAGE = YES_ERROR;
				CLANG_WARN_DOCUMENTATION_COMMENTS = YES;
				CLANG_WARN_EMPTY_BODY = YES;
				CLANG_WARN_ENUM_CONVERSION = YES;
				CLANG_WARN_INFINITE_RECURSION = YES;
				CLANG_WARN_INT_CONVERSION = YES;
				CLANG_WARN_NON_LITERAL_NULL_CONVERSION = YES;
				CLANG_WARN_OBJC_IMPLICIT_RETAIN_SELF = YES;
				CLANG_WARN_OBJC_LITERAL_CONVERSION = YES;
				CLANG_WARN_OBJC_ROOT_CLASS = YES_ERROR;
				CLANG_WARN_QUOTED_INCLUDE_IN_FRAMEWORK_HEADER = YES;
				CLANG_WARN_RANGE_LOOP_ANALYSIS = YES;
				CLANG_WARN_STRICT_PROTOTYPES = YES;
				CLANG_WARN_SUSPICIOUS_MOVE = YES;
				CLANG_WARN_UNGUARDED_AVAILABILITY = YES_AGGRESSIVE;
				CLANG_WARN_UNREACHABLE_CODE = YES;
				CLANG_WARN__DUPLICATE_METHOD_MATCH = YES;
				COPY_PHASE_STRIP = NO;
				DEBUG_INFORMATION_FORMAT = dwarf;
				DEVELOPMENT_TEAM = YAHK4G4F5A;
				ENABLE_STRICT_OBJC_MSGSEND = YES;
				ENABLE_TESTABILITY = YES;
				ENABLE_USER_SCRIPT_SANDBOXING = YES;
				GCC_C_LANGUAGE_STANDARD = gnu17;
				GCC_DYNAMIC_NO_PIC = NO;
				GCC_NO_COMMON_BLOCKS = YES;
				GCC_OPTIMIZATION_LEVEL = 0;
				GCC_PREPROCESSOR_DEFINITIONS = (
					"DEBUG=1",
					"$(inherited)",
				);
				GCC_WARN_64_TO_32_BIT_CONVERSION = YES;
				GCC_WARN_ABOUT_RETURN_TYPE = YES_ERROR;
				GCC_WARN_UNDECLARED_SELECTOR = YES;
				GCC_WARN_UNINITIALIZED_AUTOS = YES_AGGRESSIVE;
				GCC_WARN_UNUSED_FUNCTION = YES;
				GCC_WARN_UNUSED_VARIABLE = YES;
				IPHONEOS_DEPLOYMENT_TARGET = 18.5;
				LOCALIZATION_PREFERS_STRING_CATALOGS = YES;
				MTL_ENABLE_DEBUG_INFO = INCLUDE_SOURCE;
				MTL_FAST_MATH = YES;
				ONLY_ACTIVE_ARCH = YES;
				SDKROOT = iphoneos;
				SWIFT_ACTIVE_COMPILATION_CONDITIONS = "DEBUG $(inherited)";
				SWIFT_OPTIMIZATION_LEVEL = "-Onone";
			};
			name = Debug;
		};
		65D0EE782E87FEED0072DEC2 /* Release */ = {
			isa = XCBuildConfiguration;
			baseConfigurationReferenceAnchor = 65D0EE5A2E87FEEB0072DEC2 /* StackBot */;
			baseConfigurationReferenceRelativePath = Secrets.xcconfig;
			buildSettings = {
				ALWAYS_SEARCH_USER_PATHS = NO;
				ASSETCATALOG_COMPILER_GENERATE_SWIFT_ASSET_SYMBOL_EXTENSIONS = YES;
				CLANG_ANALYZER_NONNULL = YES;
				CLANG_ANALYZER_NUMBER_OBJECT_CONVERSION = YES_AGGRESSIVE;
				CLANG_CXX_LANGUAGE_STANDARD = "gnu++20";
				CLANG_ENABLE_MODULES = YES;
				CLANG_ENABLE_OBJC_ARC = YES;
				CLANG_ENABLE_OBJC_WEAK = YES;
				CLANG_WARN_BLOCK_CAPTURE_AUTORELEASING = YES;
				CLANG_WARN_BOOL_CONVERSION = YES;
				CLANG_WARN_COMMA = YES;
				CLANG_WARN_CONSTANT_CONVERSION = YES;
				CLANG_WARN_DEPRECATED_OBJC_IMPLEMENTATIONS = YES;
				CLANG_WARN_DIRECT_OBJC_ISA_USAGE = YES_ERROR;
				CLANG_WARN_DOCUMENTATION_COMMENTS = YES;
				CLANG_WARN_EMPTY_BODY = YES;
				CLANG_WARN_ENUM_CONVERSION = YES;
				CLANG_WARN_INFINITE_RECURSION = YES;
				CLANG_WARN_INT_CONVERSION = YES;
				CLANG_WARN_NON_LITERAL_NULL_CONVERSION = YES;
				CLANG_WARN_OBJC_IMPLICIT_RETAIN_SELF = YES;
				CLANG_WARN_OBJC_LITERAL_CONVERSION = YES;
				CLANG_WARN_OBJC_ROOT_CLASS = YES_ERROR;
				CLANG_WARN_QUOTED_INCLUDE_IN_FRAMEWORK_HEADER = YES;
				CLANG_WARN_RANGE_LOOP_ANALYSIS = YES;
				CLANG_WARN_STRICT_PROTOTYPES = YES;
				CLANG_WARN_SUSPICIOUS_MOVE = YES;
				CLANG_WARN_UNGUARDED_AVAILABILITY = YES_AGGRESSIVE;
				CLANG_WARN_UNREACHABLE_CODE = YES;
				CLANG_WARN__DUPLICATE_METHOD_MATCH = YES;
				COPY_PHASE_STRIP = NO;
				DEBUG_INFORMATION_FORMAT = "dwarf-with-dsym";
				DEVELOPMENT_TEAM = YAHK4G4F5A;
				ENABLE_NS_ASSERTIONS = NO;
				ENABLE_STRICT_OBJC_MSGSEND = YES;
				ENABLE_USER_SCRIPT_SANDBOXING = YES;
				GCC_C_LANGUAGE_STANDARD = gnu17;
				GCC_NO_COMMON_BLOCKS = YES;
				GCC_WARN_64_TO_32_BIT_CONVERSION = YES;
				GCC_WARN_ABOUT_RETURN_TYPE = YES_ERROR;
				GCC_WARN_UNDECLARED_SELECTOR = YES;
				GCC_WARN_UNINITIALIZED_AUTOS = YES_AGGRESSIVE;
				GCC_WARN_UNUSED_FUNCTION = YES;
				GCC_WARN_UNUSED_VARIABLE = YES;
				IPHONEOS_DEPLOYMENT_TARGET = 18.5;
				LOCALIZATION_PREFERS_STRING_CATALOGS = YES;
				MTL_ENABLE_DEBUG_INFO = NO;
				MTL_FAST_MATH = YES;
				SDKROOT = iphoneos;
				SWIFT_COMPILATION_MODE = wholemodule;
				VALIDATE_PRODUCT = YES;
			};
			name = Release;
		};
		65D0EE7A2E87FEED0072DEC2 /* Debug */ = {
			isa = XCBuildConfiguration;
			baseConfigurationReferenceAnchor = 65D0EE5A2E87FEEB0072DEC2 /* StackBot */;
			baseConfigurationReferenceRelativePath = Secrets.xcconfig;
			buildSettings = {
				ASSETCATALOG_COMPILER_APPICON_NAME = AppIcon;
				ASSETCATALOG_COMPILER_GLOBAL_ACCENT_COLOR_NAME = AccentColor;
				CODE_SIGN_STYLE = Automatic;
				CURRENT_PROJECT_VERSION = 1;
				DEVELOPMENT_TEAM = YAHK4G4F5A;
				ENABLE_PREVIEWS = YES;
				GENERATE_INFOPLIST_FILE = YES;
				INFOPLIST_FILE = StackBot/Info.plist;
				INFOPLIST_KEY_LSApplicationCategoryType = "public.app-category.education";
				INFOPLIST_KEY_UIApplicationSceneManifest_Generation = YES;
				INFOPLIST_KEY_UIApplicationSupportsIndirectInputEvents = YES;
				INFOPLIST_KEY_UILaunchScreen_Generation = YES;
				INFOPLIST_KEY_UISupportedInterfaceOrientations_iPad = "UIInterfaceOrientationPortrait UIInterfaceOrientationPortraitUpsideDown UIInterfaceOrientationLandscapeLeft UIInterfaceOrientationLandscapeRight";
				INFOPLIST_KEY_UISupportedInterfaceOrientations_iPhone = "UIInterfaceOrientationPortrait UIInterfaceOrientationLandscapeLeft UIInterfaceOrientationLandscapeRight";
				LD_RUNPATH_SEARCH_PATHS = (
					"$(inherited)",
					"@executable_path/Frameworks",
				);
				MARKETING_VERSION = 1.0;
				PRODUCT_BUNDLE_IDENTIFIER = com.ronakpunase.StackBot;
				PRODUCT_NAME = "$(TARGET_NAME)";
				SWIFT_EMIT_LOC_STRINGS = YES;
				SWIFT_VERSION = 5.0;
				TARGETED_DEVICE_FAMILY = "1,2";
			};
			name = Debug;
		};
		65D0EE7B2E87FEED0072DEC2 /* Release */ = {
			isa = XCBuildConfiguration;
			baseConfigurationReferenceAnchor = 65D0EE5A2E87FEEB0072DEC2 /* StackBot */;
			baseConfigurationReferenceRelativePath = Secrets.xcconfig;
			buildSettings = {
				ASSETCATALOG_COMPILER_APPICON_NAME = AppIcon;
				ASSETCATALOG_COMPILER_GLOBAL_ACCENT_COLOR_NAME = AccentColor;
				CODE_SIGN_STYLE = Automatic;
				CURRENT_PROJECT_VERSION = 1;
				DEVELOPMENT_TEAM = YAHK4G4F5A;
				ENABLE_PREVIEWS = YES;
				GENERATE_INFOPLIST_FILE = YES;
				INFOPLIST_FILE = StackBot/Info.plist;
				INFOPLIST_KEY_LSApplicationCategoryType = "public.app-category.education";
				INFOPLIST_KEY_UIApplicationSceneManifest_Generation = YES;
				INFOPLIST_KEY_UIApplicationSupportsIndirectInputEvents = YES;
				INFOPLIST_KEY_UILaunchScreen_Generation = YES;
				INFOPLIST_KEY_UISupportedInterfaceOrientations_iPad = "UIInterfaceOrientationPortrait UIInterfaceOrientationPortraitUpsideDown UIInterfaceOrientationLandscapeLeft UIInterfaceOrientationLandscapeRight";
				INFOPLIST_KEY_UISupportedInterfaceOrientations_iPhone = "UIInterfaceOrientationPortrait UIInterfaceOrientationLandscapeLeft UIInterfaceOrientationLandscapeRight";
				LD_RUNPATH_SEARCH_PATHS = (
					"$(inherited)",
					"@executable_path/Frameworks",
				);
				MARKETING_VERSION = 1.0;
				PRODUCT_BUNDLE_IDENTIFIER = com.ronakpunase.StackBot;
				PRODUCT_NAME = "$(TARGET_NAME)";
				SWIFT_EMIT_LOC_STRINGS = YES;
				SWIFT_VERSION = 5.0;
				TARGETED_DEVICE_FAMILY = "1,2";
			};
			name = Release;
		};
		65D0EE7D2E87FEED0072DEC2 /* Debug */ = {
			isa = XCBuildConfiguration;
			baseConfigurationReferenceAnchor = 65D0EE5A2E87FEEB0072DEC2 /* StackBot */;
			baseConfigurationReferenceRelativePath = Secrets.xcconfig;
			buildSettings = {
				BUNDLE_LOADER = "$(TEST_HOST)";
				CODE_SIGN_STYLE = Automatic;
				CURRENT_PROJECT_VERSION = 1;
				DEVELOPMENT_TEAM = YAHK4G4F5A;
				GENERATE_INFOPLIST_FILE = YES;
				IPHONEOS_DEPLOYMENT_TARGET = 18.5;
				MARKETING_VERSION = 1.0;
				PRODUCT_BUNDLE_IDENTIFIER = com.ronakpunase.StackBotTests;
				PRODUCT_NAME = "$(TARGET_NAME)";
				SWIFT_EMIT_LOC_STRINGS = NO;
				SWIFT_VERSION = 5.0;
				TARGETED_DEVICE_FAMILY = "1,2";
				TEST_HOST = "$(BUILT_PRODUCTS_DIR)/StackBot.app/$(BUNDLE_EXECUTABLE_FOLDER_PATH)/StackBot";
			};
			name = Debug;
		};
		65D0EE7E2E87FEED0072DEC2 /* Release */ = {
			isa = XCBuildConfiguration;
			buildSettings = {
				BUNDLE_LOADER = "$(TEST_HOST)";
				CODE_SIGN_STYLE = Automatic;
				CURRENT_PROJECT_VERSION = 1;
				DEVELOPMENT_TEAM = YAHK4G4F5A;
				GENERATE_INFOPLIST_FILE = YES;
				IPHONEOS_DEPLOYMENT_TARGET = 18.5;
				MARKETING_VERSION = 1.0;
				PRODUCT_BUNDLE_IDENTIFIER = com.ronakpunase.StackBotTests;
				PRODUCT_NAME = "$(TARGET_NAME)";
				SWIFT_EMIT_LOC_STRINGS = NO;
				SWIFT_VERSION = 5.0;
				TARGETED_DEVICE_FAMILY = "1,2";
				TEST_HOST = "$(BUILT_PRODUCTS_DIR)/StackBot.app/$(BUNDLE_EXECUTABLE_FOLDER_PATH)/StackBot";
			};
			name = Release;
		};
		65D0EE802E87FEED0072DEC2 /* Debug */ = {
			isa = XCBuildConfiguration;
			baseConfigurationReferenceAnchor = 65D0EE5A2E87FEEB0072DEC2 /* StackBot */;
			baseConfigurationReferenceRelativePath = Secrets.xcconfig;
			buildSettings = {
				CODE_SIGN_STYLE = Automatic;
				CURRENT_PROJECT_VERSION = 1;
				DEVELOPMENT_TEAM = YAHK4G4F5A;
				GENERATE_INFOPLIST_FILE = YES;
				MARKETING_VERSION = 1.0;
				PRODUCT_BUNDLE_IDENTIFIER = com.ronakpunase.StackBotUITests;
				PRODUCT_NAME = "$(TARGET_NAME)";
				SWIFT_EMIT_LOC_STRINGS = NO;
				SWIFT_VERSION = 5.0;
				TARGETED_DEVICE_FAMILY = "1,2";
				TEST_TARGET_NAME = StackBot;
			};
			name = Debug;
		};
		65D0EE812E87FEED0072DEC2 /* Release */ = {
			isa = XCBuildConfiguration;
			buildSettings = {
				CODE_SIGN_STYLE = Automatic;
				CURRENT_PROJECT_VERSION = 1;
				DEVELOPMENT_TEAM = YAHK4G4F5A;
				GENERATE_INFOPLIST_FILE = YES;
				MARKETING_VERSION = 1.0;
				PRODUCT_BUNDLE_IDENTIFIER = com.ronakpunase.StackBotUITests;
				PRODUCT_NAME = "$(TARGET_NAME)";
				SWIFT_EMIT_LOC_STRINGS = NO;
				SWIFT_VERSION = 5.0;
				TARGETED_DEVICE_FAMILY = "1,2";
				TEST_TARGET_NAME = StackBot;
			};
			name = Release;
		};
/* End XCBuildConfiguration section */

/* Begin XCConfigurationList section */
		65D0EE532E87FEEB0072DEC2 /* Build configuration list for PBXProject "StackBot" */ = {
			isa = XCConfigurationList;
			buildConfigurations = (
				65D0EE772E87FEED0072DEC2 /* Debug */,
				65D0EE782E87FEED0072DEC2 /* Release */,
			);
			defaultConfigurationIsVisible = 0;
			defaultConfigurationName = Release;
		};
		65D0EE792E87FEED0072DEC2 /* Build configuration list for PBXNativeTarget "StackBot" */ = {
			isa = XCConfigurationList;
			buildConfigurations = (
				65D0EE7A2E87FEED0072DEC2 /* Debug */,
				65D0EE7B2E87FEED0072DEC2 /* Release */,
			);
			defaultConfigurationIsVisible = 0;
			defaultConfigurationName = Release;
		};
		65D0EE7C2E87FEED0072DEC2 /* Build configuration list for PBXNativeTarget "StackBotTests" */ = {
			isa = XCConfigurationList;
			buildConfigurations = (
				65D0EE7D2E87FEED0072DEC2 /* Debug */,
				65D0EE7E2E87FEED0072DEC2 /* Release */,
			);
			defaultConfigurationIsVisible = 0;
			defaultConfigurationName = Release;
		};
		65D0EE7F2E87FEED0072DEC2 /* Build configuration list for PBXNativeTarget "StackBotUITests" */ = {
			isa = XCConfigurationList;
			buildConfigurations = (
				65D0EE802E87FEED0072DEC2 /* Debug */,
				65D0EE812E87FEED0072DEC2 /* Release */,
			);
			defaultConfigurationIsVisible = 0;
			defaultConfigurationName = Release;
		};
/* End XCConfigurationList section */

/* Begin XCRemoteSwiftPackageReference section */
		65D0EE8C2E89661D0072DEC2 /* XCRemoteSwiftPackageReference "OpenAI" */ = {
			isa = XCRemoteSwiftPackageReference;
			repositoryURL = "https://github.com/MacPaw/OpenAI.git";
			requirement = {
				kind = upToNextMajorVersion;
				minimumVersion = 0.4.6;
			};
		};
/* End XCRemoteSwiftPackageReference section */

/* Begin XCSwiftPackageProductDependency section */
		65D0EE8D2E89661D0072DEC2 /* OpenAI */ = {
			isa = XCSwiftPackageProductDependency;
			package = 65D0EE8C2E89661D0072DEC2 /* XCRemoteSwiftPackageReference "OpenAI" */;
			productName = OpenAI;
		};
/* End XCSwiftPackageProductDependency section */
	};
	rootObject = 65D0EE502E87FEEB0072DEC2 /* Project object */;
}
